
Microsoft Visual Studio Solution File, Format Version 12.00
# Visual Studio 2013
VisualStudioVersion = 12.0.31101.0
MinimumVisualStudioVersion = 10.0.40219.1
Project("{FAE04EC0-301F-11D3-BF4B-00C04F79EFBC}") = "ParticleSimulator", "ParticleSimulator\ParticleSimulator\ParticleSimulator.csproj", "{06C733A4-BC28-4896-9532-30A96688E5CD}"
EndProject
Project("{96E2B04D-8817-42C6-938A-82C39BA4D311}") = "ParticleSimulatorContent", "ParticleSimulator\ParticleSimulatorContent\ParticleSimulatorContent.contentproj", "{8B2D2026-511B-48A9-BD87-03567D3A3414}"
EndProject
Global
	GlobalSection(SolutionConfigurationPlatforms) = preSolution
		Debug|x86 = Debug|x86
		Release|x86 = Release|x86
	EndGlobalSection
	GlobalSection(ProjectConfigurationPlatforms) = postSolution
		{06C733A4-BC28-4896-9532-30A96688E5CD}.Debug|x86.ActiveCfg = Debug|x86
		{06C733A4-BC28-4896-9532-30A96688E5CD}.Debug|x86.Build.0 = Debug|x86
		{06C733A4-BC28-4896-9532-30A96688E5CD}.Release|x86.ActiveCfg = Release|x86
		{06C733A4-BC28-4896-9532-30A96688E5CD}.Release|x86.Build.0 = Release|x86
		{8B2D2026-511B-48A9-BD87-03567D3A3414}.Debug|x86.ActiveCfg = Debug|x86
		{8B2D2026-511B-48A9-BD87-03567D3A3414}.Release|x86.ActiveCfg = Release|x86
	EndGlobalSection
	GlobalSection(SolutionProperties) = preSolution
		HideSolutionNode = FALSE
	EndGlobalSection
EndGlobal
